github.com/danieljoos/wincred v1.2.3 h1:v7dZC2x32Ut3nEfRH+vhoZGvN72+dQ/snVXo/vMFLdQ=
github.com/danieljoos/wincred v1.2.3/go.mod h1:6qqX0WNrS4RzPZ1tnroDzq9kY3fu1KwE7MRLQK4X0bs=
github.com/davecgh/go-spew v1.1.1 h1:vj9j/u1bqnvCEfJOwUhtlOARqs3+rkHYY13jYWTU97c=
github.com/godbus/dbus/v5 v5.2.2 h1:TUR3TgtSVDmjiXOgAAyaZbYmIeP3DPkld3jgKGV8mXQ=
github.com/godbus/dbus/v5 v5.2.2/go.mod h1:3AAv2+hPq5rdnr5txxxRwiGjPXamgoIHgz9FPBfOp3c=
github.com/pmezard/go-difflib v1.0.0 h1:4DBwDE0NGyQoBHbLQYPwSUPoCMWR5BEzIk/f1lZbAQM=
github.com/stretchr/objx v0.5.2 h1:xuMeJ0Sdp5ZMRXx/aWO6RZxdr3beISkG5/G/aIRr3pY=
github.com/stretchr/testify v1.11.1 h1:7s2iGBzp5EwR7/aIZr8ao5+dra3wiQyKjjFuvgVKu7U=
golang.org/x/sys v0.27.0 h1:wBqf8DvsY9Y/2P8gAfPDEYNuS30J4lPHJxXSb/nJZ+s=
golang.org/x/sys v0.27.0/go.mod h1:/VUhepiaJMQUp4+oa/7Zr1D23ma6VTLIYjOOTFZPUcA=
gopkg.in/yaml.v3 v3.0.1 h1:fxVm/GzAzEWqLHuvctI91KS9hhNmmWOoWu0XTYJS7CA=
